
Microsoft Visual Studio Solution File, Format Version 12.00
Project("{FAE04EC0-301F-11D3-BF4B-00C04F79EFBC}") = "ApiServer", "ApiServer\ApiServer.csproj", "{A3A0532A-8DF9-4BD7-AE7F-B9079359267E}"
EndProject
Project("{FAE04EC0-301F-11D3-BF4B-00C04F79EFBC}") = "Repository", "Repository\Repository.csproj", "{E0A917A6-A5EF-44C5-893E-3EF579BE02D6}"
EndProject
Project("{FAE04EC0-301F-11D3-BF4B-00C04F79EFBC}") = "MemoryDB", "MemoryDB\MemoryDB.csproj", "{A7BB1B83-1679-4C27-BA16-DB95880AFFAA}"
EndProject
Global
	GlobalSection(SolutionConfigurationPlatforms) = preSolution
		Debug|Any CPU = Debug|Any CPU
		Release|Any CPU = Release|Any CPU
	EndGlobalSection
	GlobalSection(ProjectConfigurationPlatforms) = postSolution
		{A3A0532A-8DF9-4BD7-AE7F-B9079359267E}.Debug|Any CPU.ActiveCfg = Debug|Any CPU
		{A3A0532A-8DF9-4BD7-AE7F-B9079359267E}.Debug|Any CPU.Build.0 = Debug|Any CPU
		{A3A0532A-8DF9-4BD7-AE7F-B9079359267E}.Release|Any CPU.ActiveCfg = Release|Any CPU
		{A3A0532A-8DF9-4BD7-AE7F-B9079359267E}.Release|Any CPU.Build.0 = Release|Any CPU
		{E0A917A6-A5EF-44C5-893E-3EF579BE02D6}.Debug|Any CPU.ActiveCfg = Debug|Any CPU
		{E0A917A6-A5EF-44C5-893E-3EF579BE02D6}.Debug|Any CPU.Build.0 = Debug|Any CPU
		{E0A917A6-A5EF-44C5-893E-3EF579BE02D6}.Release|Any CPU.ActiveCfg = Release|Any CPU
		{E0A917A6-A5EF-44C5-893E-3EF579BE02D6}.Release|Any CPU.Build.0 = Release|Any CPU
		{A7BB1B83-1679-4C27-BA16-DB95880AFFAA}.Debug|Any CPU.ActiveCfg = Debug|Any CPU
		{A7BB1B83-1679-4C27-BA16-DB95880AFFAA}.Debug|Any CPU.Build.0 = Debug|Any CPU
		{A7BB1B83-1679-4C27-BA16-DB95880AFFAA}.Release|Any CPU.ActiveCfg = Release|Any CPU
		{A7BB1B83-1679-4C27-BA16-DB95880AFFAA}.Release|Any CPU.Build.0 = Release|Any CPU
	EndGlobalSection
EndGlobal
